
Microsoft Visual Studio Solution File, Format Version 12.00
# Visual Studio Version 17
VisualStudioVersion = 17.5.33516.290
MinimumVisualStudioVersion = 10.0.40219.1
Project("{2150E333-8FDC-42A3-9474-1A3956D46DE8}") = "Services", "Services", "{0F2E64D4-622C-4F87-8725-CA8C0CA3F097}"
EndProject
Project("{2150E333-8FDC-42A3-9474-1A3956D46DE8}") = "Catalog", "Catalog", "{E1961F27-2650-463A-98B8-D3983FBEEF1A}"
EndProject
Project("{9A19103F-16F7-4668-BE54-9A1E7A4F7556}") = "Catalog.API", "Services\Catalog\Catalog.API\Catalog.API.csproj", "{297FACA2-4424-4501-9D50-F4654145D47E}"
EndProject
Project("{E53339B2-1760-4266-BCC7-CA923CBCF16C}") = "docker-compose", "docker-compose.dcproj", "{0B8256E4-33BA-496E-B269-1BA6DB1B27F0}"
EndProject
Project("{2150E333-8FDC-42A3-9474-1A3956D46DE8}") = "Basket", "Basket", "{660A810E-C448-4887-B010-1893C4E32CC2}"
EndProject
Project("{9A19103F-16F7-4668-BE54-9A1E7A4F7556}") = "Basket.API", "Services\Basket\Basket.API\Basket.API.csproj", "{F0E3109E-DD50-43C7-801D-6D3E6F7A539F}"
EndProject
Project("{2150E333-8FDC-42A3-9474-1A3956D46DE8}") = "Discount", "Discount", "{950D5B3C-4640-48E1-89E6-35FA730D1873}"
EndProject
Project("{FAE04EC0-301F-11D3-BF4B-00C04F79EFBC}") = "Discount.API", "Services\Discount\Discount.API\Discount.API.csproj", "{46ABAC06-C027-4954-BD89-09C85223C33C}"
EndProject
Global
	GlobalSection(SolutionConfigurationPlatforms) = preSolution
		Debug|Any CPU = Debug|Any CPU
		Release|Any CPU = Release|Any CPU
	EndGlobalSection
	GlobalSection(ProjectConfigurationPlatforms) = postSolution
		{297FACA2-4424-4501-9D50-F4654145D47E}.Debug|Any CPU.ActiveCfg = Debug|Any CPU
		{297FACA2-4424-4501-9D50-F4654145D47E}.Debug|Any CPU.Build.0 = Debug|Any CPU
		{297FACA2-4424-4501-9D50-F4654145D47E}.Release|Any CPU.ActiveCfg = Release|Any CPU
		{297FACA2-4424-4501-9D50-F4654145D47E}.Release|Any CPU.Build.0 = Release|Any CPU
		{0B8256E4-33BA-496E-B269-1BA6DB1B27F0}.Debug|Any CPU.ActiveCfg = Debug|Any CPU
		{0B8256E4-33BA-496E-B269-1BA6DB1B27F0}.Debug|Any CPU.Build.0 = Debug|Any CPU
		{0B8256E4-33BA-496E-B269-1BA6DB1B27F0}.Release|Any CPU.ActiveCfg = Release|Any CPU
		{0B8256E4-33BA-496E-B269-1BA6DB1B27F0}.Release|Any CPU.Build.0 = Release|Any CPU
		{F0E3109E-DD50-43C7-801D-6D3E6F7A539F}.Debug|Any CPU.ActiveCfg = Debug|Any CPU
		{F0E3109E-DD50-43C7-801D-6D3E6F7A539F}.Debug|Any CPU.Build.0 = Debug|Any CPU
		{F0E3109E-DD50-43C7-801D-6D3E6F7A539F}.Release|Any CPU.ActiveCfg = Release|Any CPU
		{F0E3109E-DD50-43C7-801D-6D3E6F7A539F}.Release|Any CPU.Build.0 = Release|Any CPU
		{46ABAC06-C027-4954-BD89-09C85223C33C}.Debug|Any CPU.ActiveCfg = Debug|Any CPU
		{46ABAC06-C027-4954-BD89-09C85223C33C}.Debug|Any CPU.Build.0 = Debug|Any CPU
		{46ABAC06-C027-4954-BD89-09C85223C33C}.Release|Any CPU.ActiveCfg = Release|Any CPU
		{46ABAC06-C027-4954-BD89-09C85223C33C}.Release|Any CPU.Build.0 = Release|Any CPU
	EndGlobalSection
	GlobalSection(SolutionProperties) = preSolution
		HideSolutionNode = FALSE
	EndGlobalSection
	GlobalSection(NestedProjects) = preSolution
		{E1961F27-2650-463A-98B8-D3983FBEEF1A} = {0F2E64D4-622C-4F87-8725-CA8C0CA3F097}
		{297FACA2-4424-4501-9D50-F4654145D47E} = {E1961F27-2650-463A-98B8-D3983FBEEF1A}
		{660A810E-C448-4887-B010-1893C4E32CC2} = {0F2E64D4-622C-4F87-8725-CA8C0CA3F097}
		{F0E3109E-DD50-43C7-801D-6D3E6F7A539F} = {660A810E-C448-4887-B010-1893C4E32CC2}
		{950D5B3C-4640-48E1-89E6-35FA730D1873} = {0F2E64D4-622C-4F87-8725-CA8C0CA3F097}
		{46ABAC06-C027-4954-BD89-09C85223C33C} = {950D5B3C-4640-48E1-89E6-35FA730D1873}
	EndGlobalSection
	GlobalSection(ExtensibilityGlobals) = postSolution
		SolutionGuid = {4BCBA1A9-A21C-457F-AE2F-57EA3545117E}
	EndGlobalSection
EndGlobal
